
Microsoft Visual Studio Solution File, Format Version 12.00
# Visual Studio 2013
VisualStudioVersion = 12.0.30723.0
MinimumVisualStudioVersion = 10.0.40219.1
Project("{FAE04EC0-301F-11D3-BF4B-00C04F79EFBC}") = "OctopusDeploy.Powershell", "OctopusDeploy.Powershell\OctopusDeploy.Powershell.csproj", "{1EB4C6F1-2B90-4A41-8A4F-9F1A0EA94931}"
EndProject
Global
	GlobalSection(SolutionConfigurationPlatforms) = preSolution
		Debug|Any CPU = Debug|Any CPU
		Release|Any CPU = Release|Any CPU
	EndGlobalSection
	GlobalSection(ProjectConfigurationPlatforms) = postSolution
		{1EB4C6F1-2B90-4A41-8A4F-9F1A0EA94931}.Debug|Any CPU.ActiveCfg = Debug|Any CPU
		{1EB4C6F1-2B90-4A41-8A4F-9F1A0EA94931}.Debug|Any CPU.Build.0 = Debug|Any CPU
		{1EB4C6F1-2B90-4A41-8A4F-9F1A0EA94931}.Release|Any CPU.ActiveCfg = Release|Any CPU
		{1EB4C6F1-2B90-4A41-8A4F-9F1A0EA94931}.Release|Any CPU.Build.0 = Release|Any CPU
	EndGlobalSection
	GlobalSection(SolutionProperties) = preSolution
		HideSolutionNode = FALSE
	EndGlobalSection
EndGlobal
